
Microsoft Visual Studio Solution File, Format Version 12.00
# Visual Studio Version 17
VisualStudioVersion = 17.8.34004.107
MinimumVisualStudioVersion = 10.0.40219.1
Project("{9A19103F-16F7-4668-BE54-9A1E7A4F7556}") = "LibBili.Danmaku", "LibBili.Danmaku\LibBili.Danmaku.csproj", "{4B640DC8-BF9C-4420-80B0-D881B0A467ED}"
EndProject
Project("{9A19103F-16F7-4668-BE54-9A1E7A4F7556}") = "LibBili.TestCore", "LibBili.TestCore\LibBili.TestCore.csproj", "{52488C49-561D-4BFF-B1FB-CD76318F2029}"
EndProject
Project("{2150E333-8FDC-42A3-9474-1A3956D46DE8}") = "解决方案项", "解决方案项", "{EDC91B78-464F-4CEB-A3D5-E1D0BB7B9FF5}"
	ProjectSection(SolutionItems) = preProject
		.gitattributes = .gitattributes
		.gitignore = .gitignore
		LICENSE.txt = LICENSE.txt
		README.md = README.md
	EndProjectSection
EndProject
Global
	GlobalSection(SolutionConfigurationPlatforms) = preSolution
		Debug|Any CPU = Debug|Any CPU
		Release|Any CPU = Release|Any CPU
	EndGlobalSection
	GlobalSection(ProjectConfigurationPlatforms) = postSolution
		{4B640DC8-BF9C-4420-80B0-D881B0A467ED}.Debug|Any CPU.ActiveCfg = Debug|Any CPU
		{4B640DC8-BF9C-4420-80B0-D881B0A467ED}.Debug|Any CPU.Build.0 = Debug|Any CPU
		{4B640DC8-BF9C-4420-80B0-D881B0A467ED}.Release|Any CPU.ActiveCfg = Release|Any CPU
		{4B640DC8-BF9C-4420-80B0-D881B0A467ED}.Release|Any CPU.Build.0 = Release|Any CPU
		{52488C49-561D-4BFF-B1FB-CD76318F2029}.Debug|Any CPU.ActiveCfg = Debug|Any CPU
		{52488C49-561D-4BFF-B1FB-CD76318F2029}.Debug|Any CPU.Build.0 = Debug|Any CPU
		{52488C49-561D-4BFF-B1FB-CD76318F2029}.Release|Any CPU.ActiveCfg = Release|Any CPU
		{52488C49-561D-4BFF-B1FB-CD76318F2029}.Release|Any CPU.Build.0 = Release|Any CPU
	EndGlobalSection
	GlobalSection(SolutionProperties) = preSolution
		HideSolutionNode = FALSE
	EndGlobalSection
	GlobalSection(ExtensibilityGlobals) = postSolution
		SolutionGuid = {CEF78E32-9046-43EA-9472-D84C868AE2BB}
	EndGlobalSection
EndGlobal
